# THIS IS AN AUTOGENERATED FILE. DO NOT EDIT THIS FILE DIRECTLY.
# yarn lockfile v1


resy@^11.0.1-beta.0:
  version "11.0.1-beta.0"
  resolved "https://registry.npmmirror.com/resy/-/resy-11.0.1-beta.0.tgz#6964e1202dc6501101d0c048319f460e98e9e1a5"
  integrity sha512-pAGMIzkqkj8gyV/a9BQZhNIsabfp+snjUBRTcx0ZvSNldC+qdchpFFSVOhZPb8k70D2R2lVhjCderJEs8GbNpg==
  dependencies:
    use-sync-external-store "^1.2.0"

use-sync-external-store@^1.2.0:
  version "1.2.0"
  resolved "https://registry.npmmirror.com/use-sync-external-store/-/use-sync-external-store-1.2.0.tgz#7dbefd6ef3fe4e767a0cf5d7287aacfb5846928a"
  integrity sha512-eEgnFxGQ1Ife9bzYs6VLi8/4X6CObHMw9Qr9tPY43iKwsPw8xE8+EFsf/2cFZ5S3esXgpWgtSCtLNS41F+sKPA==
